
Microsoft Visual Studio Solution File, Format Version 12.00
# Visual Studio Version 16
VisualStudioVersion = 16.0.31025.194
MinimumVisualStudioVersion = 10.0.40219.1
Project("{FAE04EC0-301F-11D3-BF4B-00C04F79EFBC}") = "grafikaLab6V2", "grafikaLab6V2\grafikaLab6V2.csproj", "{AB947180-0E9A-4185-AF88-BBE473945477}"
EndProject
Global
	GlobalSection(SolutionConfigurationPlatforms) = preSolution
		Debug|Any CPU = Debug|Any CPU
		Release|Any CPU = Release|Any CPU
	EndGlobalSection
	GlobalSection(ProjectConfigurationPlatforms) = postSolution
		{AB947180-0E9A-4185-AF88-BBE473945477}.Debug|Any CPU.ActiveCfg = Debug|Any CPU
		{AB947180-0E9A-4185-AF88-BBE473945477}.Debug|Any CPU.Build.0 = Debug|Any CPU
		{AB947180-0E9A-4185-AF88-BBE473945477}.Release|Any CPU.ActiveCfg = Release|Any CPU
		{AB947180-0E9A-4185-AF88-BBE473945477}.Release|Any CPU.Build.0 = Release|Any CPU
	EndGlobalSection
	GlobalSection(SolutionProperties) = preSolution
		HideSolutionNode = FALSE
	EndGlobalSection
	GlobalSection(ExtensibilityGlobals) = postSolution
		SolutionGuid = {B1AE9D92-C178-4183-A902-35E44C3F7AE2}
	EndGlobalSection
EndGlobal
